
Microsoft Visual Studio Solution File, Format Version 12.00
# Visual Studio Version 16
VisualStudioVersion = 16.0.30907.101
MinimumVisualStudioVersion = 10.0.40219.1
Project("{2150E333-8FDC-42A3-9474-1A3956D46DE8}") = "01-WebClient", "01-WebClient", "{E7B9EFD8-3086-40B5-91FB-7F0DED56CADC}"
EndProject
Project("{2150E333-8FDC-42A3-9474-1A3956D46DE8}") = "02-API", "02-API", "{445EC15F-78E7-45BA-B64C-7AECE4674113}"
EndProject
Project("{FAE04EC0-301F-11D3-BF4B-00C04F79EFBC}") = "API", "src\API\API.csproj", "{DEC40D89-E4BE-42F6-A23B-9DB2B74EEB61}"
EndProject
Project("{2150E333-8FDC-42A3-9474-1A3956D46DE8}") = "03-Infrastructure", "03-Infrastructure", "{DB195697-9F2B-43A3-8DBA-D3807A3E068D}"
EndProject
Project("{2150E333-8FDC-42A3-9474-1A3956D46DE8}") = "04-CORE", "04-CORE", "{A25EF798-AA56-46B7-8AB9-1EB9FCB3BFD2}"
EndProject
Project("{FAE04EC0-301F-11D3-BF4B-00C04F79EFBC}") = "Infrastructure", "src\Infrastructure\Infrastructure.csproj", "{DCC95B8F-6FE6-4100-BFA2-4767974CC758}"
EndProject
Project("{FAE04EC0-301F-11D3-BF4B-00C04F79EFBC}") = "CORE", "src\CORE\CORE.csproj", "{3DFA9386-A1AB-4942-B60A-3CD043286F88}"
EndProject
Global
	GlobalSection(SolutionConfigurationPlatforms) = preSolution
		Debug|Any CPU = Debug|Any CPU
		Release|Any CPU = Release|Any CPU
	EndGlobalSection
	GlobalSection(ProjectConfigurationPlatforms) = postSolution
		{DEC40D89-E4BE-42F6-A23B-9DB2B74EEB61}.Debug|Any CPU.ActiveCfg = Debug|Any CPU
		{DEC40D89-E4BE-42F6-A23B-9DB2B74EEB61}.Debug|Any CPU.Build.0 = Debug|Any CPU
		{DEC40D89-E4BE-42F6-A23B-9DB2B74EEB61}.Release|Any CPU.ActiveCfg = Release|Any CPU
		{DEC40D89-E4BE-42F6-A23B-9DB2B74EEB61}.Release|Any CPU.Build.0 = Release|Any CPU
		{DCC95B8F-6FE6-4100-BFA2-4767974CC758}.Debug|Any CPU.ActiveCfg = Debug|Any CPU
		{DCC95B8F-6FE6-4100-BFA2-4767974CC758}.Debug|Any CPU.Build.0 = Debug|Any CPU
		{DCC95B8F-6FE6-4100-BFA2-4767974CC758}.Release|Any CPU.ActiveCfg = Release|Any CPU
		{DCC95B8F-6FE6-4100-BFA2-4767974CC758}.Release|Any CPU.Build.0 = Release|Any CPU
		{3DFA9386-A1AB-4942-B60A-3CD043286F88}.Debug|Any CPU.ActiveCfg = Debug|Any CPU
		{3DFA9386-A1AB-4942-B60A-3CD043286F88}.Debug|Any CPU.Build.0 = Debug|Any CPU
		{3DFA9386-A1AB-4942-B60A-3CD043286F88}.Release|Any CPU.ActiveCfg = Release|Any CPU
		{3DFA9386-A1AB-4942-B60A-3CD043286F88}.Release|Any CPU.Build.0 = Release|Any CPU
	EndGlobalSection
	GlobalSection(SolutionProperties) = preSolution
		HideSolutionNode = FALSE
	EndGlobalSection
	GlobalSection(NestedProjects) = preSolution
		{DEC40D89-E4BE-42F6-A23B-9DB2B74EEB61} = {445EC15F-78E7-45BA-B64C-7AECE4674113}
		{DCC95B8F-6FE6-4100-BFA2-4767974CC758} = {DB195697-9F2B-43A3-8DBA-D3807A3E068D}
		{3DFA9386-A1AB-4942-B60A-3CD043286F88} = {A25EF798-AA56-46B7-8AB9-1EB9FCB3BFD2}
	EndGlobalSection
	GlobalSection(ExtensibilityGlobals) = postSolution
		SolutionGuid = {849B7481-C093-48C3-A63A-C8EAA4F58FF7}
	EndGlobalSection
EndGlobal
